// !$*UTF8*$!
{
	archiveVersion = 1;
	classes = {
	};
	objectVersion = 56;
	objects = {

/* Begin PBXBuildFile section */
		564FE3D92BE19068000B69A7 /* ViewController2.swift in Sources */ = {isa = PBXBuildFile; fileRef = 564FE3D82BE19068000B69A7 /* ViewController2.swift */; };
		564FE3DB2BE2CC9B000B69A7 /* UIViewController+Extensions.swift in Sources */ = {isa = PBXBuildFile; fileRef = 564FE3DA2BE2CC9B000B69A7 /* UIViewController+Extensions.swift */; };
		564FE3DD2BE46C41000B69A7 /* UIApplication+Extensions.swift in Sources */ = {isa = PBXBuildFile; fileRef = 564FE3DC2BE46C41000B69A7 /* UIApplication+Extensions.swift */; };
		564FE3DF2BE5C4E8000B69A7 /* String+Extensions.swift in Sources */ = {isa = PBXBuildFile; fileRef = 564FE3DE2BE5C4E8000B69A7 /* String+Extensions.swift */; };
		564FE3E12BE6D0CA000B69A7 /* UIAccessibility+Extensions.swift in Sources */ = {isa = PBXBuildFile; fileRef = 564FE3E02BE6D0CA000B69A7 /* UIAccessibility+Extensions.swift */; };
		567E542F2BDF14D100D46550 /* AppDelegate.swift in Sources */ = {isa = PBXBuildFile; fileRef = 567E542E2BDF14D100D46550 /* AppDelegate.swift */; };
		567E54312BDF14D100D46550 /* SceneDelegate.swift in Sources */ = {isa = PBXBuildFile; fileRef = 567E54302BDF14D100D46550 /* SceneDelegate.swift */; };
		567E54332BDF14D100D46550 /* ViewController1.swift in Sources */ = {isa = PBXBuildFile; fileRef = 567E54322BDF14D100D46550 /* ViewController1.swift */; };
		567E54362BDF14D100D46550 /* Base in Resources */ = {isa = PBXBuildFile; fileRef = 567E54352BDF14D100D46550 /* Base */; };
		567E54382BDF14D300D46550 /* Assets.xcassets in Resources */ = {isa = PBXBuildFile; fileRef = 567E54372BDF14D300D46550 /* Assets.xcassets */; };
		567E543B2BDF14D300D46550 /* Base in Resources */ = {isa = PBXBuildFile; fileRef = 567E543A2BDF14D300D46550 /* Base */; };
		567E54462BDF14D300D46550 /* AnyAlertTests.swift in Sources */ = {isa = PBXBuildFile; fileRef = 567E54452BDF14D300D46550 /* AnyAlertTests.swift */; };
		567E54502BDF14D300D46550 /* AnyAlertUITests.swift in Sources */ = {isa = PBXBuildFile; fileRef = 567E544F2BDF14D300D46550 /* AnyAlertUITests.swift */; };
		567E54522BDF14D300D46550 /* AnyAlertUITestsLaunchTests.swift in Sources */ = {isa = PBXBuildFile; fileRef = 567E54512BDF14D300D46550 /* AnyAlertUITestsLaunchTests.swift */; };
		567E54652BDF174200D46550 /* AnyAlert.storyboard in Resources */ = {isa = PBXBuildFile; fileRef = 567E545E2BDF174100D46550 /* AnyAlert.storyboard */; };
		567E54662BDF174200D46550 /* AnyAlertInteractor.swift in Sources */ = {isa = PBXBuildFile; fileRef = 567E545F2BDF174100D46550 /* AnyAlertInteractor.swift */; };
		567E54672BDF174200D46550 /* AnyAlertManager.swift in Sources */ = {isa = PBXBuildFile; fileRef = 567E54602BDF174100D46550 /* AnyAlertManager.swift */; };
		567E54682BDF174200D46550 /* AnyAlertModels.swift in Sources */ = {isa = PBXBuildFile; fileRef = 567E54612BDF174100D46550 /* AnyAlertModels.swift */; };
		567E54692BDF174200D46550 /* AnyAlertPresenter.swift in Sources */ = {isa = PBXBuildFile; fileRef = 567E54622BDF174100D46550 /* AnyAlertPresenter.swift */; };
		567E546A2BDF174200D46550 /* AnyAlertViewController.swift in Sources */ = {isa = PBXBuildFile; fileRef = 567E54632BDF174100D46550 /* AnyAlertViewController.swift */; };
		567E546C2BDF1DFC00D46550 /* ViewController3.swift in Sources */ = {isa = PBXBuildFile; fileRef = 567E546B2BDF1DFC00D46550 /* ViewController3.swift */; };
		567E546E2BDF236E00D46550 /* ViewController0.swift in Sources */ = {isa = PBXBuildFile; fileRef = 567E546D2BDF236E00D46550 /* ViewController0.swift */; };
/* End PBXBuildFile section */

/* Begin PBXContainerItemProxy section */
		567E54422BDF14D300D46550 /* PBXContainerItemProxy */ = {
			isa = PBXContainerItemProxy;
			containerPortal = 567E54232BDF14D100D46550 /* Project object */;
			proxyType = 1;
			remoteGlobalIDString = 567E542A2BDF14D100D46550;
			remoteInfo = AnyAlert;
		};
		567E544C2BDF14D300D46550 /* PBXContainerItemProxy */ = {
			isa = PBXContainerItemProxy;
			containerPortal = 567E54232BDF14D100D46550 /* Project object */;
			proxyType = 1;
			remoteGlobalIDString = 567E542A2BDF14D100D46550;
			remoteInfo = AnyAlert;
		};
/* End PBXContainerItemProxy section */

/* Begin PBXFileReference section */
		564FE3D82BE19068000B69A7 /* ViewController2.swift */ = {isa = PBXFileReference; lastKnownFileType = sourcecode.swift; path = ViewController2.swift; sourceTree = "<group>"; };
		564FE3DA2BE2CC9B000B69A7 /* UIViewController+Extensions.swift */ = {isa = PBXFileReference; lastKnownFileType = sourcecode.swift; path = "UIViewController+Extensions.swift"; sourceTree = "<group>"; };
		564FE3DC2BE46C41000B69A7 /* UIApplication+Extensions.swift */ = {isa = PBXFileReference; lastKnownFileType = sourcecode.swift; path = "UIApplication+Extensions.swift"; sourceTree = "<group>"; };
		564FE3DE2BE5C4E8000B69A7 /* String+Extensions.swift */ = {isa = PBXFileReference; lastKnownFileType = sourcecode.swift; path = "String+Extensions.swift"; sourceTree = "<group>"; };
		564FE3E02BE6D0CA000B69A7 /* UIAccessibility+Extensions.swift */ = {isa = PBXFileReference; lastKnownFileType = sourcecode.swift; path = "UIAccessibility+Extensions.swift"; sourceTree = "<group>"; };
		567E542B2BDF14D100D46550 /* AnyAlert.app */ = {isa = PBXFileReference; explicitFileType = wrapper.application; includeInIndex = 0; path = AnyAlert.app; sourceTree = BUILT_PRODUCTS_DIR; };
		567E542E2BDF14D100D46550 /* AppDelegate.swift */ = {isa = PBXFileReference; lastKnownFileType = sourcecode.swift; path = AppDelegate.swift; sourceTree = "<group>"; };
		567E54302BDF14D100D46550 /* SceneDelegate.swift */ = {isa = PBXFileReference; lastKnownFileType = sourcecode.swift; path = SceneDelegate.swift; sourceTree = "<group>"; };
		567E54322BDF14D100D46550 /* ViewController1.swift */ = {isa = PBXFileReference; lastKnownFileType = sourcecode.swift; path = ViewController1.swift; sourceTree = "<group>"; };
		567E54352BDF14D100D46550 /* Base */ = {isa = PBXFileReference; lastKnownFileType = file.storyboard; name = Base; path = Base.lproj/Main.storyboard; sourceTree = "<group>"; };
		567E54372BDF14D300D46550 /* Assets.xcassets */ = {isa = PBXFileReference; lastKnownFileType = folder.assetcatalog; path = Assets.xcassets; sourceTree = "<group>"; };
		567E543A2BDF14D300D46550 /* Base */ = {isa = PBXFileReference; lastKnownFileType = file.storyboard; name = Base; path = Base.lproj/LaunchScreen.storyboard; sourceTree = "<group>"; };
		567E543C2BDF14D300D46550 /* Info.plist */ = {isa = PBXFileReference; lastKnownFileType = text.plist.xml; path = Info.plist; sourceTree = "<group>"; };
		567E54412BDF14D300D46550 /* AnyAlertTests.xctest */ = {isa = PBXFileReference; explicitFileType = wrapper.cfbundle; includeInIndex = 0; path = AnyAlertTests.xctest; sourceTree = BUILT_PRODUCTS_DIR; };
		567E54452BDF14D300D46550 /* AnyAlertTests.swift */ = {isa = PBXFileReference; lastKnownFileType = sourcecode.swift; path = AnyAlertTests.swift; sourceTree = "<group>"; };
		567E544B2BDF14D300D46550 /* AnyAlertUITests.xctest */ = {isa = PBXFileReference; explicitFileType = wrapper.cfbundle; includeInIndex = 0; path = AnyAlertUITests.xctest; sourceTree = BUILT_PRODUCTS_DIR; };
		567E544F2BDF14D300D46550 /* AnyAlertUITests.swift */ = {isa = PBXFileReference; lastKnownFileType = sourcecode.swift; path = AnyAlertUITests.swift; sourceTree = "<group>"; };
		567E54512BDF14D300D46550 /* AnyAlertUITestsLaunchTests.swift */ = {isa = PBXFileReference; lastKnownFileType = sourcecode.swift; path = AnyAlertUITestsLaunchTests.swift; sourceTree = "<group>"; };
		567E545E2BDF174100D46550 /* AnyAlert.storyboard */ = {isa = PBXFileReference; fileEncoding = 4; lastKnownFileType = file.storyboard; path = AnyAlert.storyboard; sourceTree = "<group>"; };
		567E545F2BDF174100D46550 /* AnyAlertInteractor.swift */ = {isa = PBXFileReference; fileEncoding = 4; lastKnownFileType = sourcecode.swift; path = AnyAlertInteractor.swift; sourceTree = "<group>"; };
		567E54602BDF174100D46550 /* AnyAlertManager.swift */ = {isa = PBXFileReference; fileEncoding = 4; lastKnownFileType = sourcecode.swift; path = AnyAlertManager.swift; sourceTree = "<group>"; };
		567E54612BDF174100D46550 /* AnyAlertModels.swift */ = {isa = PBXFileReference; fileEncoding = 4; lastKnownFileType = sourcecode.swift; path = AnyAlertModels.swift; sourceTree = "<group>"; };
		567E54622BDF174100D46550 /* AnyAlertPresenter.swift */ = {isa = PBXFileReference; fileEncoding = 4; lastKnownFileType = sourcecode.swift; path = AnyAlertPresenter.swift; sourceTree = "<group>"; };
		567E54632BDF174100D46550 /* AnyAlertViewController.swift */ = {isa = PBXFileReference; fileEncoding = 4; lastKnownFileType = sourcecode.swift; path = AnyAlertViewController.swift; sourceTree = "<group>"; };
		567E546B2BDF1DFC00D46550 /* ViewController3.swift */ = {isa = PBXFileReference; lastKnownFileType = sourcecode.swift; path = ViewController3.swift; sourceTree = "<group>"; };
		567E546D2BDF236E00D46550 /* ViewController0.swift */ = {isa = PBXFileReference; lastKnownFileType = sourcecode.swift; path = ViewController0.swift; sourceTree = "<group>"; };
/* End PBXFileReference section */

/* Begin PBXFrameworksBuildPhase section */
		567E54282BDF14D100D46550 /* Frameworks */ = {
			isa = PBXFrameworksBuildPhase;
			buildActionMask = 2147483647;
			files = (
			);
			runOnlyForDeploymentPostprocessing = 0;
		};
		567E543E2BDF14D300D46550 /* Frameworks */ = {
			isa = PBXFrameworksBuildPhase;
			buildActionMask = 2147483647;
			files = (
			);
			runOnlyForDeploymentPostprocessing = 0;
		};
		567E54482BDF14D300D46550 /* Frameworks */ = {
			isa = PBXFrameworksBuildPhase;
			buildActionMask = 2147483647;
			files = (
			);
			runOnlyForDeploymentPostprocessing = 0;
		};
/* End PBXFrameworksBuildPhase section */

/* Begin PBXGroup section */
		567E54222BDF14D100D46550 = {
			isa = PBXGroup;
			children = (
				567E542D2BDF14D100D46550 /* AnyAlert */,
				567E54442BDF14D300D46550 /* AnyAlertTests */,
				567E544E2BDF14D300D46550 /* AnyAlertUITests */,
				567E542C2BDF14D100D46550 /* Products */,
			);
			sourceTree = "<group>";
		};
		567E542C2BDF14D100D46550 /* Products */ = {
			isa = PBXGroup;
			children = (
				567E542B2BDF14D100D46550 /* AnyAlert.app */,
				567E54412BDF14D300D46550 /* AnyAlertTests.xctest */,
				567E544B2BDF14D300D46550 /* AnyAlertUITests.xctest */,
			);
			name = Products;
			sourceTree = "<group>";
		};
		567E542D2BDF14D100D46550 /* AnyAlert */ = {
			isa = PBXGroup;
			children = (
				567E54392BDF14D300D46550 /* LaunchScreen.storyboard */,
				567E54342BDF14D100D46550 /* Main.storyboard */,
				567E542E2BDF14D100D46550 /* AppDelegate.swift */,
				567E54302BDF14D100D46550 /* SceneDelegate.swift */,
				567E54642BDF174100D46550 /* AnyAlert */,
				567E546D2BDF236E00D46550 /* ViewController0.swift */,
				567E54322BDF14D100D46550 /* ViewController1.swift */,
				564FE3D82BE19068000B69A7 /* ViewController2.swift */,
				567E546B2BDF1DFC00D46550 /* ViewController3.swift */,
				567E54372BDF14D300D46550 /* Assets.xcassets */,
				567E543C2BDF14D300D46550 /* Info.plist */,
			);
			path = AnyAlert;
			sourceTree = "<group>";
		};
		567E54442BDF14D300D46550 /* AnyAlertTests */ = {
			isa = PBXGroup;
			children = (
				567E54452BDF14D300D46550 /* AnyAlertTests.swift */,
			);
			path = AnyAlertTests;
			sourceTree = "<group>";
		};
		567E544E2BDF14D300D46550 /* AnyAlertUITests */ = {
			isa = PBXGroup;
			children = (
				567E544F2BDF14D300D46550 /* AnyAlertUITests.swift */,
				567E54512BDF14D300D46550 /* AnyAlertUITestsLaunchTests.swift */,
			);
			path = AnyAlertUITests;
			sourceTree = "<group>";
		};
		567E54642BDF174100D46550 /* AnyAlert */ = {
			isa = PBXGroup;
			children = (
				567E545E2BDF174100D46550 /* AnyAlert.storyboard */,
				567E54602BDF174100D46550 /* AnyAlertManager.swift */,
				567E54612BDF174100D46550 /* AnyAlertModels.swift */,
				567E545F2BDF174100D46550 /* AnyAlertInteractor.swift */,
				567E54622BDF174100D46550 /* AnyAlertPresenter.swift */,
				567E54632BDF174100D46550 /* AnyAlertViewController.swift */,
				564FE3DC2BE46C41000B69A7 /* UIApplication+Extensions.swift */,
				564FE3E02BE6D0CA000B69A7 /* UIAccessibility+Extensions.swift */,
				564FE3DA2BE2CC9B000B69A7 /* UIViewController+Extensions.swift */,
				564FE3DE2BE5C4E8000B69A7 /* String+Extensions.swift */,
			);
			path = AnyAlert;
			sourceTree = "<group>";
		};
/* End PBXGroup section */

/* Begin PBXNativeTarget section */
		567E542A2BDF14D100D46550 /* AnyAlert */ = {
			isa = PBXNativeTarget;
			buildConfigurationList = 567E54552BDF14D300D46550 /* Build configuration list for PBXNativeTarget "AnyAlert" */;
			buildPhases = (
				567E54272BDF14D100D46550 /* Sources */,
				567E54282BDF14D100D46550 /* Frameworks */,
				567E54292BDF14D100D46550 /* Resources */,
			);
			buildRules = (
			);
			dependencies = (
			);
			name = AnyAlert;
			productName = AnyAlert;
			productReference = 567E542B2BDF14D100D46550 /* AnyAlert.app */;
			productType = "com.apple.product-type.application";
		};
		567E54402BDF14D300D46550 /* AnyAlertTests */ = {
			isa = PBXNativeTarget;
			buildConfigurationList = 567E54582BDF14D300D46550 /* Build configuration list for PBXNativeTarget "AnyAlertTests" */;
			buildPhases = (
				567E543D2BDF14D300D46550 /* Sources */,
				567E543E2BDF14D300D46550 /* Frameworks */,
				567E543F2BDF14D300D46550 /* Resources */,
			);
			buildRules = (
			);
			dependencies = (
				567E54432BDF14D300D46550 /* PBXTargetDependency */,
			);
			name = AnyAlertTests;
			productName = AnyAlertTests;
			productReference = 567E54412BDF14D300D46550 /* AnyAlertTests.xctest */;
			productType = "com.apple.product-type.bundle.unit-test";
		};
		567E544A2BDF14D300D46550 /* AnyAlertUITests */ = {
			isa = PBXNativeTarget;
			buildConfigurationList = 567E545B2BDF14D300D46550 /* Build configuration list for PBXNativeTarget "AnyAlertUITests" */;
			buildPhases = (
				567E54472BDF14D300D46550 /* Sources */,
				567E54482BDF14D300D46550 /* Frameworks */,
				567E54492BDF14D300D46550 /* Resources */,
			);
			buildRules = (
			);
			dependencies = (
				567E544D2BDF14D300D46550 /* PBXTargetDependency */,
			);
			name = AnyAlertUITests;
			productName = AnyAlertUITests;
			productReference = 567E544B2BDF14D300D46550 /* AnyAlertUITests.xctest */;
			productType = "com.apple.product-type.bundle.ui-testing";
		};
/* End PBXNativeTarget section */

/* Begin PBXProject section */
		567E54232BDF14D100D46550 /* Project object */ = {
			isa = PBXProject;
			attributes = {
				BuildIndependentTargetsInParallel = 1;
				LastSwiftUpdateCheck = 1530;
				LastUpgradeCheck = 1530;
				TargetAttributes = {
					567E542A2BDF14D100D46550 = {
						CreatedOnToolsVersion = 15.3;
					};
					567E54402BDF14D300D46550 = {
						CreatedOnToolsVersion = 15.3;
						TestTargetID = 567E542A2BDF14D100D46550;
					};
					567E544A2BDF14D300D46550 = {
						CreatedOnToolsVersion = 15.3;
						TestTargetID = 567E542A2BDF14D100D46550;
					};
				};
			};
			buildConfigurationList = 567E54262BDF14D100D46550 /* Build configuration list for PBXProject "AnyAlert" */;
			compatibilityVersion = "Xcode 14.0";
			developmentRegion = en;
			hasScannedForEncodings = 0;
			knownRegions = (
				en,
				Base,
			);
			mainGroup = 567E54222BDF14D100D46550;
			productRefGroup = 567E542C2BDF14D100D46550 /* Products */;
			projectDirPath = "";
			projectRoot = "";
			targets = (
				567E542A2BDF14D100D46550 /* AnyAlert */,
				567E54402BDF14D300D46550 /* AnyAlertTests */,
				567E544A2BDF14D300D46550 /* AnyAlertUITests */,
			);
		};
/* End PBXProject section */

/* Begin PBXResourcesBuildPhase section */
		567E54292BDF14D100D46550 /* Resources */ = {
			isa = PBXResourcesBuildPhase;
			buildActionMask = 2147483647;
			files = (
				567E54382BDF14D300D46550 /* Assets.xcassets in Resources */,
				567E543B2BDF14D300D46550 /* Base in Resources */,
				567E54652BDF174200D46550 /* AnyAlert.storyboard in Resources */,
				567E54362BDF14D100D46550 /* Base in Resources */,
			);
			runOnlyForDeploymentPostprocessing = 0;
		};
		567E543F2BDF14D300D46550 /* Resources */ = {
			isa = PBXResourcesBuildPhase;
			buildActionMask = 2147483647;
			files = (
			);
			runOnlyForDeploymentPostprocessing = 0;
		};
		567E54492BDF14D300D46550 /* Resources */ = {
			isa = PBXResourcesBuildPhase;
			buildActionMask = 2147483647;
			files = (
			);
			runOnlyForDeploymentPostprocessing = 0;
		};
/* End PBXResourcesBuildPhase section */

/* Begin PBXSourcesBuildPhase section */
		567E54272BDF14D100D46550 /* Sources */ = {
			isa = PBXSourcesBuildPhase;
			buildActionMask = 2147483647;
			files = (
				567E54332BDF14D100D46550 /* ViewController1.swift in Sources */,
				564FE3E12BE6D0CA000B69A7 /* UIAccessibility+Extensions.swift in Sources */,
				567E546E2BDF236E00D46550 /* ViewController0.swift in Sources */,
				567E54682BDF174200D46550 /* AnyAlertModels.swift in Sources */,
				567E546C2BDF1DFC00D46550 /* ViewController3.swift in Sources */,
				564FE3DD2BE46C41000B69A7 /* UIApplication+Extensions.swift in Sources */,
				564FE3DB2BE2CC9B000B69A7 /* UIViewController+Extensions.swift in Sources */,
				564FE3D92BE19068000B69A7 /* ViewController2.swift in Sources */,
				567E54672BDF174200D46550 /* AnyAlertManager.swift in Sources */,
				564FE3DF2BE5C4E8000B69A7 /* String+Extensions.swift in Sources */,
				567E542F2BDF14D100D46550 /* AppDelegate.swift in Sources */,
				567E54662BDF174200D46550 /* AnyAlertInteractor.swift in Sources */,
				567E54692BDF174200D46550 /* AnyAlertPresenter.swift in Sources */,
				567E546A2BDF174200D46550 /* AnyAlertViewController.swift in Sources */,
				567E54312BDF14D100D46550 /* SceneDelegate.swift in Sources */,
			);
			runOnlyForDeploymentPostprocessing = 0;
		};
		567E543D2BDF14D300D46550 /* Sources */ = {
			isa = PBXSourcesBuildPhase;
			buildActionMask = 2147483647;
			files = (
				567E54462BDF14D300D46550 /* AnyAlertTests.swift in Sources */,
			);
			runOnlyForDeploymentPostprocessing = 0;
		};
		567E54472BDF14D300D46550 /* Sources */ = {
			isa = PBXSourcesBuildPhase;
			buildActionMask = 2147483647;
			files = (
				567E54522BDF14D300D46550 /* AnyAlertUITestsLaunchTests.swift in Sources */,
				567E54502BDF14D300D46550 /* AnyAlertUITests.swift in Sources */,
			);
			runOnlyForDeploymentPostprocessing = 0;
		};
/* End PBXSourcesBuildPhase section */

/* Begin PBXTargetDependency section */
		567E54432BDF14D300D46550 /* PBXTargetDependency */ = {
			isa = PBXTargetDependency;
			target = 567E542A2BDF14D100D46550 /* AnyAlert */;
			targetProxy = 567E54422BDF14D300D46550 /* PBXContainerItemProxy */;
		};
		567E544D2BDF14D300D46550 /* PBXTargetDependency */ = {
			isa = PBXTargetDependency;
			target = 567E542A2BDF14D100D46550 /* AnyAlert */;
			targetProxy = 567E544C2BDF14D300D46550 /* PBXContainerItemProxy */;
		};
/* End PBXTargetDependency section */

/* Begin PBXVariantGroup section */
		567E54342BDF14D100D46550 /* Main.storyboard */ = {
			isa = PBXVariantGroup;
			children = (
				567E54352BDF14D100D46550 /* Base */,
			);
			name = Main.storyboard;
			sourceTree = "<group>";
		};
		567E54392BDF14D300D46550 /* LaunchScreen.storyboard */ = {
			isa = PBXVariantGroup;
			children = (
				567E543A2BDF14D300D46550 /* Base */,
			);
			name = LaunchScreen.storyboard;
			sourceTree = "<group>";
		};
/* End PBXVariantGroup section */

/* Begin XCBuildConfiguration section */
		567E54532BDF14D300D46550 /* Debug */ = {
			isa = XCBuildConfiguration;
			buildSettings = {
				ALWAYS_SEARCH_USER_PATHS = NO;
				ASSETCATALOG_COMPILER_GENERATE_SWIFT_ASSET_SYMBOL_EXTENSIONS = YES;
				CLANG_ANALYZER_NONNULL = YES;
				CLANG_ANALYZER_NUMBER_OBJECT_CONVERSION = YES_AGGRESSIVE;
				CLANG_CXX_LANGUAGE_STANDARD = "gnu++20";
				CLANG_ENABLE_MODULES = YES;
				CLANG_ENABLE_OBJC_ARC = YES;
				CLANG_ENABLE_OBJC_WEAK = YES;
				CLANG_WARN_BLOCK_CAPTURE_AUTORELEASING = YES;
				CLANG_WARN_BOOL_CONVERSION = YES;
				CLANG_WARN_COMMA = YES;
				CLANG_WARN_CONSTANT_CONVERSION = YES;
				CLANG_WARN_DEPRECATED_OBJC_IMPLEMENTATIONS = YES;
				CLANG_WARN_DIRECT_OBJC_ISA_USAGE = YES_ERROR;
				CLANG_WARN_DOCUMENTATION_COMMENTS = YES;
				CLANG_WARN_EMPTY_BODY = YES;
				CLANG_WARN_ENUM_CONVERSION = YES;
				CLANG_WARN_INFINITE_RECURSION = YES;
				CLANG_WARN_INT_CONVERSION = YES;
				CLANG_WARN_NON_LITERAL_NULL_CONVERSION = YES;
				CLANG_WARN_OBJC_IMPLICIT_RETAIN_SELF = YES;
				CLANG_WARN_OBJC_LITERAL_CONVERSION = YES;
				CLANG_WARN_OBJC_ROOT_CLASS = YES_ERROR;
				CLANG_WARN_QUOTED_INCLUDE_IN_FRAMEWORK_HEADER = YES;
				CLANG_WARN_RANGE_LOOP_ANALYSIS = YES;
				CLANG_WARN_STRICT_PROTOTYPES = YES;
				CLANG_WARN_SUSPICIOUS_MOVE = YES;
				CLANG_WARN_UNGUARDED_AVAILABILITY = YES_AGGRESSIVE;
				CLANG_WARN_UNREACHABLE_CODE = YES;
				CLANG_WARN__DUPLICATE_METHOD_MATCH = YES;
				COPY_PHASE_STRIP = NO;
				DEBUG_INFORMATION_FORMAT = dwarf;
				ENABLE_STRICT_OBJC_MSGSEND = YES;
				ENABLE_TESTABILITY = YES;
				ENABLE_USER_SCRIPT_SANDBOXING = YES;
				GCC_C_LANGUAGE_STANDARD = gnu17;
				GCC_DYNAMIC_NO_PIC = NO;
				GCC_NO_COMMON_BLOCKS = YES;
				GCC_OPTIMIZATION_LEVEL = 0;
				GCC_PREPROCESSOR_DEFINITIONS = (
					"DEBUG=1",
					"$(inherited)",
				);
				GCC_WARN_64_TO_32_BIT_CONVERSION = YES;
				GCC_WARN_ABOUT_RETURN_TYPE = YES_ERROR;
				GCC_WARN_UNDECLARED_SELECTOR = YES;
				GCC_WARN_UNINITIALIZED_AUTOS = YES_AGGRESSIVE;
				GCC_WARN_UNUSED_FUNCTION = YES;
				GCC_WARN_UNUSED_VARIABLE = YES;
				IPHONEOS_DEPLOYMENT_TARGET = 13.0;
				LOCALIZATION_PREFERS_STRING_CATALOGS = YES;
				MTL_ENABLE_DEBUG_INFO = INCLUDE_SOURCE;
				MTL_FAST_MATH = YES;
				ONLY_ACTIVE_ARCH = YES;
				SDKROOT = iphoneos;
				SWIFT_ACTIVE_COMPILATION_CONDITIONS = "DEBUG $(inherited)";
				SWIFT_OPTIMIZATION_LEVEL = "-Onone";
			};
			name = Debug;
		};
		567E54542BDF14D300D46550 /* Release */ = {
			isa = XCBuildConfiguration;
			buildSettings = {
				ALWAYS_SEARCH_USER_PATHS = NO;
				ASSETCATALOG_COMPILER_GENERATE_SWIFT_ASSET_SYMBOL_EXTENSIONS = YES;
				CLANG_ANALYZER_NONNULL = YES;
				CLANG_ANALYZER_NUMBER_OBJECT_CONVERSION = YES_AGGRESSIVE;
				CLANG_CXX_LANGUAGE_STANDARD = "gnu++20";
				CLANG_ENABLE_MODULES = YES;
				CLANG_ENABLE_OBJC_ARC = YES;
				CLANG_ENABLE_OBJC_WEAK = YES;
				CLANG_WARN_BLOCK_CAPTURE_AUTORELEASING = YES;
				CLANG_WARN_BOOL_CONVERSION = YES;
				CLANG_WARN_COMMA = YES;
				CLANG_WARN_CONSTANT_CONVERSION = YES;
				CLANG_WARN_DEPRECATED_OBJC_IMPLEMENTATIONS = YES;
				CLANG_WARN_DIRECT_OBJC_ISA_USAGE = YES_ERROR;
				CLANG_WARN_DOCUMENTATION_COMMENTS = YES;
				CLANG_WARN_EMPTY_BODY = YES;
				CLANG_WARN_ENUM_CONVERSION = YES;
				CLANG_WARN_INFINITE_RECURSION = YES;
				CLANG_WARN_INT_CONVERSION = YES;
				CLANG_WARN_NON_LITERAL_NULL_CONVERSION = YES;
				CLANG_WARN_OBJC_IMPLICIT_RETAIN_SELF = YES;
				CLANG_WARN_OBJC_LITERAL_CONVERSION = YES;
				CLANG_WARN_OBJC_ROOT_CLASS = YES_ERROR;
				CLANG_WARN_QUOTED_INCLUDE_IN_FRAMEWORK_HEADER = YES;
				CLANG_WARN_RANGE_LOOP_ANALYSIS = YES;
				CLANG_WARN_STRICT_PROTOTYPES = YES;
				CLANG_WARN_SUSPICIOUS_MOVE = YES;
				CLANG_WARN_UNGUARDED_AVAILABILITY = YES_AGGRESSIVE;
				CLANG_WARN_UNREACHABLE_CODE = YES;
				CLANG_WARN__DUPLICATE_METHOD_MATCH = YES;
				COPY_PHASE_STRIP = NO;
				DEBUG_INFORMATION_FORMAT = "dwarf-with-dsym";
				ENABLE_NS_ASSERTIONS = NO;
				ENABLE_STRICT_OBJC_MSGSEND = YES;
				ENABLE_USER_SCRIPT_SANDBOXING = YES;
				GCC_C_LANGUAGE_STANDARD = gnu17;
				GCC_NO_COMMON_BLOCKS = YES;
				GCC_WARN_64_TO_32_BIT_CONVERSION = YES;
				GCC_WARN_ABOUT_RETURN_TYPE = YES_ERROR;
				GCC_WARN_UNDECLARED_SELECTOR = YES;
				GCC_WARN_UNINITIALIZED_AUTOS = YES_AGGRESSIVE;
				GCC_WARN_UNUSED_FUNCTION = YES;
				GCC_WARN_UNUSED_VARIABLE = YES;
				IPHONEOS_DEPLOYMENT_TARGET = 13.0;
				LOCALIZATION_PREFERS_STRING_CATALOGS = YES;
				MTL_ENABLE_DEBUG_INFO = NO;
				MTL_FAST_MATH = YES;
				SDKROOT = iphoneos;
				SWIFT_COMPILATION_MODE = wholemodule;
				VALIDATE_PRODUCT = YES;
			};
			name = Release;
		};
		567E54562BDF14D300D46550 /* Debug */ = {
			isa = XCBuildConfiguration;
			buildSettings = {
				ASSETCATALOG_COMPILER_APPICON_NAME = AppIcon;
				ASSETCATALOG_COMPILER_GLOBAL_ACCENT_COLOR_NAME = AccentColor;
				CODE_SIGN_STYLE = Automatic;
				CURRENT_PROJECT_VERSION = 1;
				DEVELOPMENT_TEAM = NL2F6STRPK;
				GENERATE_INFOPLIST_FILE = YES;
				INFOPLIST_FILE = AnyAlert/Info.plist;
				INFOPLIST_KEY_UIApplicationSupportsIndirectInputEvents = YES;
				INFOPLIST_KEY_UILaunchStoryboardName = LaunchScreen;
				INFOPLIST_KEY_UIMainStoryboardFile = Main;
				INFOPLIST_KEY_UISupportedInterfaceOrientations_iPad = "UIInterfaceOrientationPortrait UIInterfaceOrientationPortraitUpsideDown UIInterfaceOrientationLandscapeLeft UIInterfaceOrientationLandscapeRight";
				INFOPLIST_KEY_UISupportedInterfaceOrientations_iPhone = "UIInterfaceOrientationPortrait UIInterfaceOrientationLandscapeLeft UIInterfaceOrientationLandscapeRight";
				IPHONEOS_DEPLOYMENT_TARGET = 13.0;
				LD_RUNPATH_SEARCH_PATHS = (
					"$(inherited)",
					"@executable_path/Frameworks",
				);
				MARKETING_VERSION = 1.0;
				PRODUCT_BUNDLE_IDENTIFIER = com.allinson.AnyAlert;
				PRODUCT_NAME = "$(TARGET_NAME)";
				SUPPORTED_PLATFORMS = "iphoneos iphonesimulator";
				SUPPORTS_MACCATALYST = NO;
				SUPPORTS_MAC_DESIGNED_FOR_IPHONE_IPAD = NO;
				SUPPORTS_XR_DESIGNED_FOR_IPHONE_IPAD = NO;
				SWIFT_EMIT_LOC_STRINGS = YES;
				SWIFT_VERSION = 5.0;
				TARGETED_DEVICE_FAMILY = 1;
			};
			name = Debug;
		};
		567E54572BDF14D300D46550 /* Release */ = {
			isa = XCBuildConfiguration;
			buildSettings = {
				ASSETCATALOG_COMPILER_APPICON_NAME = AppIcon;
				ASSETCATALOG_COMPILER_GLOBAL_ACCENT_COLOR_NAME = AccentColor;
				CODE_SIGN_STYLE = Automatic;
				CURRENT_PROJECT_VERSION = 1;
				DEVELOPMENT_TEAM = NL2F6STRPK;
				GENERATE_INFOPLIST_FILE = YES;
				INFOPLIST_FILE = AnyAlert/Info.plist;
				INFOPLIST_KEY_UIApplicationSupportsIndirectInputEvents = YES;
				INFOPLIST_KEY_UILaunchStoryboardName = LaunchScreen;
				INFOPLIST_KEY_UIMainStoryboardFile = Main;
				INFOPLIST_KEY_UISupportedInterfaceOrientations_iPad = "UIInterfaceOrientationPortrait UIInterfaceOrientationPortraitUpsideDown UIInterfaceOrientationLandscapeLeft UIInterfaceOrientationLandscapeRight";
				INFOPLIST_KEY_UISupportedInterfaceOrientations_iPhone = "UIInterfaceOrientationPortrait UIInterfaceOrientationLandscapeLeft UIInterfaceOrientationLandscapeRight";
				IPHONEOS_DEPLOYMENT_TARGET = 13.0;
				LD_RUNPATH_SEARCH_PATHS = (
					"$(inherited)",
					"@executable_path/Frameworks",
				);
				MARKETING_VERSION = 1.0;
				PRODUCT_BUNDLE_IDENTIFIER = com.allinson.AnyAlert;
				PRODUCT_NAME = "$(TARGET_NAME)";
				SUPPORTED_PLATFORMS = "iphoneos iphonesimulator";
				SUPPORTS_MACCATALYST = NO;
				SUPPORTS_MAC_DESIGNED_FOR_IPHONE_IPAD = NO;
				SUPPORTS_XR_DESIGNED_FOR_IPHONE_IPAD = NO;
				SWIFT_EMIT_LOC_STRINGS = YES;
				SWIFT_VERSION = 5.0;
				TARGETED_DEVICE_FAMILY = 1;
			};
			name = Release;
		};
		567E54592BDF14D300D46550 /* Debug */ = {
			isa = XCBuildConfiguration;
			buildSettings = {
				ALWAYS_EMBED_SWIFT_STANDARD_LIBRARIES = YES;
				BUNDLE_LOADER = "$(TEST_HOST)";
				CODE_SIGN_STYLE = Automatic;
				CURRENT_PROJECT_VERSION = 1;
				DEVELOPMENT_TEAM = NL2F6STRPK;
				GENERATE_INFOPLIST_FILE = YES;
				IPHONEOS_DEPLOYMENT_TARGET = 13.0;
				MARKETING_VERSION = 1.0;
				PRODUCT_BUNDLE_IDENTIFIER = com.allinson.AnyAlertTests;
				PRODUCT_NAME = "$(TARGET_NAME)";
				SWIFT_EMIT_LOC_STRINGS = NO;
				SWIFT_VERSION = 5.0;
				TARGETED_DEVICE_FAMILY = "1,2";
				TEST_HOST = "$(BUILT_PRODUCTS_DIR)/AnyAlert.app/$(BUNDLE_EXECUTABLE_FOLDER_PATH)/AnyAlert";
			};
			name = Debug;
		};
		567E545A2BDF14D300D46550 /* Release */ = {
			isa = XCBuildConfiguration;
			buildSettings = {
				ALWAYS_EMBED_SWIFT_STANDARD_LIBRARIES = YES;
				BUNDLE_LOADER = "$(TEST_HOST)";
				CODE_SIGN_STYLE = Automatic;
				CURRENT_PROJECT_VERSION = 1;
				DEVELOPMENT_TEAM = NL2F6STRPK;
				GENERATE_INFOPLIST_FILE = YES;
				IPHONEOS_DEPLOYMENT_TARGET = 13.0;
				MARKETING_VERSION = 1.0;
				PRODUCT_BUNDLE_IDENTIFIER = com.allinson.AnyAlertTests;
				PRODUCT_NAME = "$(TARGET_NAME)";
				SWIFT_EMIT_LOC_STRINGS = NO;
				SWIFT_VERSION = 5.0;
				TARGETED_DEVICE_FAMILY = "1,2";
				TEST_HOST = "$(BUILT_PRODUCTS_DIR)/AnyAlert.app/$(BUNDLE_EXECUTABLE_FOLDER_PATH)/AnyAlert";
			};
			name = Release;
		};
		567E545C2BDF14D300D46550 /* Debug */ = {
			isa = XCBuildConfiguration;
			buildSettings = {
				ALWAYS_EMBED_SWIFT_STANDARD_LIBRARIES = YES;
				CODE_SIGN_STYLE = Automatic;
				CURRENT_PROJECT_VERSION = 1;
				DEVELOPMENT_TEAM = NL2F6STRPK;
				GENERATE_INFOPLIST_FILE = YES;
				MARKETING_VERSION = 1.0;
				PRODUCT_BUNDLE_IDENTIFIER = com.allinson.AnyAlertUITests;
				PRODUCT_NAME = "$(TARGET_NAME)";
				SWIFT_EMIT_LOC_STRINGS = NO;
				SWIFT_VERSION = 5.0;
				TARGETED_DEVICE_FAMILY = "1,2";
				TEST_TARGET_NAME = AnyAlert;
			};
			name = Debug;
		};
		567E545D2BDF14D300D46550 /* Release */ = {
			isa = XCBuildConfiguration;
			buildSettings = {
				ALWAYS_EMBED_SWIFT_STANDARD_LIBRARIES = YES;
				CODE_SIGN_STYLE = Automatic;
				CURRENT_PROJECT_VERSION = 1;
				DEVELOPMENT_TEAM = NL2F6STRPK;
				GENERATE_INFOPLIST_FILE = YES;
				MARKETING_VERSION = 1.0;
				PRODUCT_BUNDLE_IDENTIFIER = com.allinson.AnyAlertUITests;
				PRODUCT_NAME = "$(TARGET_NAME)";
				SWIFT_EMIT_LOC_STRINGS = NO;
				SWIFT_VERSION = 5.0;
				TARGETED_DEVICE_FAMILY = "1,2";
				TEST_TARGET_NAME = AnyAlert;
			};
			name = Release;
		};
/* End XCBuildConfiguration section */

/* Begin XCConfigurationList section */
		567E54262BDF14D100D46550 /* Build configuration list for PBXProject "AnyAlert" */ = {
			isa = XCConfigurationList;
			buildConfigurations = (
				567E54532BDF14D300D46550 /* Debug */,
				567E54542BDF14D300D46550 /* Release */,
			);
			defaultConfigurationIsVisible = 0;
			defaultConfigurationName = Release;
		};
		567E54552BDF14D300D46550 /* Build configuration list for PBXNativeTarget "AnyAlert" */ = {
			isa = XCConfigurationList;
			buildConfigurations = (
				567E54562BDF14D300D46550 /* Debug */,
				567E54572BDF14D300D46550 /* Release */,
			);
			defaultConfigurationIsVisible = 0;
			defaultConfigurationName = Release;
		};
		567E54582BDF14D300D46550 /* Build configuration list for PBXNativeTarget "AnyAlertTests" */ = {
			isa = XCConfigurationList;
			buildConfigurations = (
				567E54592BDF14D300D46550 /* Debug */,
				567E545A2BDF14D300D46550 /* Release */,
			);
			defaultConfigurationIsVisible = 0;
			defaultConfigurationName = Release;
		};
		567E545B2BDF14D300D46550 /* Build configuration list for PBXNativeTarget "AnyAlertUITests" */ = {
			isa = XCConfigurationList;
			buildConfigurations = (
				567E545C2BDF14D300D46550 /* Debug */,
				567E545D2BDF14D300D46550 /* Release */,
			);
			defaultConfigurationIsVisible = 0;
			defaultConfigurationName = Release;
		};
/* End XCConfigurationList section */
	};
	rootObject = 567E54232BDF14D100D46550 /* Project object */;
}
